
Microsoft Visual Studio Solution File, Format Version 12.00
# Visual Studio Version 16
VisualStudioVersion = 16.0.30907.101
MinimumVisualStudioVersion = 10.0.40219.1
Project("{FAE04EC0-301F-11D3-BF4B-00C04F79EFBC}") = "AzBobbyTables", "AzBobbyTables.csproj", "{197ECF74-1383-4E51-88A8-868F928EA10C}"
EndProject
Global
	GlobalSection(SolutionConfigurationPlatforms) = preSolution
		Debug|Any CPU = Debug|Any CPU
		Release|Any CPU = Release|Any CPU
	EndGlobalSection
	GlobalSection(ProjectConfigurationPlatforms) = postSolution
		{197ECF74-1383-4E51-88A8-868F928EA10C}.Debug|Any CPU.ActiveCfg = Debug|Any CPU
		{197ECF74-1383-4E51-88A8-868F928EA10C}.Debug|Any CPU.Build.0 = Debug|Any CPU
		{197ECF74-1383-4E51-88A8-868F928EA10C}.Release|Any CPU.ActiveCfg = Release|Any CPU
		{197ECF74-1383-4E51-88A8-868F928EA10C}.Release|Any CPU.Build.0 = Release|Any CPU
	EndGlobalSection
	GlobalSection(SolutionProperties) = preSolution
		HideSolutionNode = FALSE
	EndGlobalSection
	GlobalSection(ExtensibilityGlobals) = postSolution
		SolutionGuid = {213FFC9B-581A-4A3B-A14E-3DF8CAB88214}
	EndGlobalSection
EndGlobal
